{"version":4,"terraform_version":"1.12.6","serial":1,"lineage":"1a83e056-80e9-389b-1994-550e18939f73","outputs":{},"resources":[{"mode":"data","type":"cloudflare_dns_records","name":"mgrlab_apex_a","provider":"provider[\"registry.opentofu.org/cloudflare/cloudflare\"]","instances":[{"schema_version":0,"attributes":{"comment":null,"content":{"contains":null,"endswith":null,"exact":"138.199.154.23","startswith":null},"direction":null,"include_shadow_metadata":null,"match":null,"max_items":1,"name":{"contains":null,"endswith":null,"exact":"mgrlab.dk","startswith":null},"order":null,"proxied":null,"result":[{"comment":null,"comment_modified_on":null,"content":"138.199.154.23","created_on":"2024-09-27T15:39:15Z","data":null,"id":"1b84a8baa4c41d6cbfabd6226f035f0f","meta":"{}","modified_on":"2025-04-08T19:19:57Z","name":"mgrlab.dk","priority":null,"private_routing":null,"proxiable":true,"proxied":false,"settings":{"flatten_cname":null,"ipv4_only":null,"ipv6_only":null},"tags":[],"tags_modified_on":null,"ttl":1,"type":"A"}],"search":null,"shadowed_by_name":null,"shadowing_name":null,"tag":null,"tag_match":null,"type":"A","zone_id":"8fb38678d03866da7309df30e2fa5968"},"sensitive_attributes":[]}]},{"mode":"data","type":"cloudflare_dns_records","name":"mgrlab_dmarc","provider":"provider[\"registry.opentofu.org/cloudflare/cloudflare\"]","instances":[{"schema_version":0,"attributes":{"comment":null,"content":{"contains":null,"endswith":null,"exact":"\"v=DMARC1; p=quarantine\"","startswith":null},"direction":null,"include_shadow_metadata":null,"match":null,"max_items":1,"name":{"contains":null,"endswith":null,"exact":"_dmarc.mgrlab.dk","startswith":null},"order":null,"proxied":null,"result":[{"comment":null,"comment_modified_on":null,"content":"\"v=DMARC1; p=quarantine\"","created_on":"2025-08-02T14:15:40Z","data":null,"id":"8a14268c3688f04d55143c87efa99283","meta":"{}","modified_on":"2025-08-02T14:15:40Z","name":"_dmarc.mgrlab.dk","priority":null,"private_routing":null,"proxiable":false,"proxied":false,"settings":{"flatten_cname":null,"ipv4_only":null,"ipv6_only":null},"tags":[],"tags_modified_on":null,"ttl":1,"type":"TXT"}],"search":null,"shadowed_by_name":null,"shadowing_name":null,"tag":null,"tag_match":null,"type":"TXT","zone_id":"8fb38678d03866da7309df30e2fa5968"},"sensitive_attributes":[]}]},{"mode":"data","type":"cloudflare_dns_records","name":"mgrlab_protonmail_dkim_1","provider":"provider[\"registry.opentofu.org/cloudflare/cloudflare\"]","instances":[{"schema_version":0,"attributes":{"comment":null,"content":{"contains":null,"endswith":null,"exact":"protonmail.domainkey.dtlsqrfwymr5t7o4otvfpyoaqpjebrr6rwuf7ugka7quh7nxzkc7a.domains.proton.ch","startswith":null},"direction":null,"include_shadow_metadata":null,"match":null,"max_items":1,"name":{"contains":null,"endswith":null,"exact":"protonmail._domainkey.mgrlab.dk","startswith":null},"order":null,"proxied":null,"result":[{"comment":null,"comment_modified_on":null,"content":"protonmail.domainkey.dtlsqrfwymr5t7o4otvfpyoaqpjebrr6rwuf7ugka7quh7nxzkc7a.domains.proton.ch","created_on":"2025-08-02T14:13:41Z","data":null,"id":"b6f698794115fbf266ddf5e8cf35ba73","meta":"{}","modified_on":"2025-08-02T14:13:47Z","name":"protonmail._domainkey.mgrlab.dk","priority":null,"private_routing":null,"proxiable":true,"proxied":false,"settings":{"flatten_cname":false,"ipv4_only":null,"ipv6_only":null},"tags":[],"tags_modified_on":null,"ttl":1,"type":"CNAME"}],"search":null,"shadowed_by_name":null,"shadowing_name":null,"tag":null,"tag_match":null,"type":"CNAME","zone_id":"8fb38678d03866da7309df30e2fa5968"},"sensitive_attributes":[]}]},{"mode":"data","type":"cloudflare_dns_records","name":"mgrlab_protonmail_dkim_2","provider":"provider[\"registry.opentofu.org/cloudflare/cloudflare\"]","instances":[{"schema_version":0,"attributes":{"comment":null,"content":{"contains":null,"endswith":null,"exact":"protonmail2.domainkey.dtlsqrfwymr5t7o4otvfpyoaqpjebrr6rwuf7ugka7quh7nxzkc7a.domains.proton.ch","startswith":null},"direction":null,"include_shadow_metadata":null,"match":null,"max_items":1,"name":{"contains":null,"endswith":null,"exact":"protonmail2._domainkey.mgrlab.dk","startswith":null},"order":null,"proxied":null,"result":[{"comment":null,"comment_modified_on":null,"content":"protonmail2.domainkey.dtlsqrfwymr5t7o4otvfpyoaqpjebrr6rwuf7ugka7quh7nxzkc7a.domains.proton.ch","created_on":"2025-08-02T14:14:06Z","data":null,"id":"d536f44016f792bbe186729952adc7d6","meta":"{}","modified_on":"2025-08-02T14:14:06Z","name":"protonmail2._domainkey.mgrlab.dk","priority":null,"private_routing":null,"proxiable":true,"proxied":false,"settings":{"flatten_cname":false,"ipv4_only":null,"ipv6_only":null},"tags":[],"tags_modified_on":null,"ttl":1,"type":"CNAME"}],"search":null,"shadowed_by_name":null,"shadowing_name":null,"tag":null,"tag_match":null,"type":"CNAME","zone_id":"8fb38678d03866da7309df30e2fa5968"},"sensitive_attributes":[]}]},{"mode":"data","type":"cloudflare_dns_records","name":"mgrlab_protonmail_dkim_3","provider":"provider[\"registry.opentofu.org/cloudflare/cloudflare\"]","instances":[{"schema_version":0,"attributes":{"comment":null,"content":{"contains":null,"endswith":null,"exact":"protonmail3.domainkey.dtlsqrfwymr5t7o4otvfpyoaqpjebrr6rwuf7ugka7quh7nxzkc7a.domains.proton.ch","startswith":null},"direction":null,"include_shadow_metadata":null,"match":null,"max_items":1,"name":{"contains":null,"endswith":null,"exact":"protonmail3._domainkey.mgrlab.dk","startswith":null},"order":null,"proxied":null,"result":[{"comment":null,"comment_modified_on":null,"content":"protonmail3.domainkey.dtlsqrfwymr5t7o4otvfpyoaqpjebrr6rwuf7ugka7quh7nxzkc7a.domains.proton.ch","created_on":"2025-08-02T14:14:22Z","data":null,"id":"c15065605803a6cea6ca8b1652bd6c43","meta":"{}","modified_on":"2025-08-02T14:15:09Z","name":"protonmail3._domainkey.mgrlab.dk","priority":null,"private_routing":null,"proxiable":true,"proxied":false,"settings":{"flatten_cname":false,"ipv4_only":null,"ipv6_only":null},"tags":[],"tags_modified_on":null,"ttl":1,"type":"CNAME"}],"search":null,"shadowed_by_name":null,"shadowing_name":null,"tag":null,"tag_match":null,"type":"CNAME","zone_id":"8fb38678d03866da7309df30e2fa5968"},"sensitive_attributes":[]}]},{"mode":"data","type":"cloudflare_dns_records","name":"mgrlab_protonmail_mx_primary","provider":"provider[\"registry.opentofu.org/cloudflare/cloudflare\"]","instances":[{"schema_version":0,"attributes":{"comment":null,"content":{"contains":null,"endswith":null,"exact":"mail.protonmail.ch","startswith":null},"direction":null,"include_shadow_metadata":null,"match":null,"max_items":1,"name":{"contains":null,"endswith":null,"exact":"mgrlab.dk","startswith":null},"order":null,"proxied":null,"result":[{"comment":null,"comment_modified_on":null,"content":"mail.protonmail.ch","created_on":"2025-08-02T14:12:37Z","data":null,"id":"4f9a6b6e0788f827ea7ac88c44a15525","meta":"{}","modified_on":"2025-08-02T14:12:37Z","name":"mgrlab.dk","priority":10,"private_routing":null,"proxiable":false,"proxied":false,"settings":{"flatten_cname":null,"ipv4_only":null,"ipv6_only":null},"tags":[],"tags_modified_on":null,"ttl":1,"type":"MX"}],"search":null,"shadowed_by_name":null,"shadowing_name":null,"tag":null,"tag_match":null,"type":"MX","zone_id":"8fb38678d03866da7309df30e2fa5968"},"sensitive_attributes":[]}]},{"mode":"data","type":"cloudflare_dns_records","name":"mgrlab_protonmail_mx_secondary","provider":"provider[\"registry.opentofu.org/cloudflare/cloudflare\"]","instances":[{"schema_version":0,"attributes":{"comment":null,"content":{"contains":null,"endswith":null,"exact":"mailsec.protonmail.ch","startswith":null},"direction":null,"include_shadow_metadata":null,"match":null,"max_items":1,"name":{"contains":null,"endswith":null,"exact":"mgrlab.dk","startswith":null},"order":null,"proxied":null,"result":[{"comment":null,"comment_modified_on":null,"content":"mailsec.protonmail.ch","created_on":"2025-08-02T14:12:50Z","data":null,"id":"0dfcf3a44c0c20d933e923399090e774","meta":"{}","modified_on":"2025-08-02T14:12:50Z","name":"mgrlab.dk","priority":20,"private_routing":null,"proxiable":false,"proxied":false,"settings":{"flatten_cname":null,"ipv4_only":null,"ipv6_only":null},"tags":[],"tags_modified_on":null,"ttl":1,"type":"MX"}],"search":null,"shadowed_by_name":null,"shadowing_name":null,"tag":null,"tag_match":null,"type":"MX","zone_id":"8fb38678d03866da7309df30e2fa5968"},"sensitive_attributes":[]}]},{"mode":"data","type":"cloudflare_dns_records","name":"mgrlab_protonmail_spf","provider":"provider[\"registry.opentofu.org/cloudflare/cloudflare\"]","instances":[{"schema_version":0,"attributes":{"comment":null,"content":{"contains":null,"endswith":null,"exact":"\"v=spf1 include:_spf.protonmail.ch ~all\"","startswith":null},"direction":null,"include_shadow_metadata":null,"match":null,"max_items":1,"name":{"contains":null,"endswith":null,"exact":"mgrlab.dk","startswith":null},"order":null,"proxied":null,"result":[{"comment":null,"comment_modified_on":null,"content":"\"v=spf1 include:_spf.protonmail.ch ~all\"","created_on":"2025-08-02T14:13:19Z","data":null,"id":"abab74dc5f95bb173f87aaa3d75de6f7","meta":"{}","modified_on":"2025-08-02T14:13:19Z","name":"mgrlab.dk","priority":null,"private_routing":null,"proxiable":false,"proxied":false,"settings":{"flatten_cname":null,"ipv4_only":null,"ipv6_only":null},"tags":[],"tags_modified_on":null,"ttl":1,"type":"TXT"}],"search":null,"shadowed_by_name":null,"shadowing_name":null,"tag":null,"tag_match":null,"type":"TXT","zone_id":"8fb38678d03866da7309df30e2fa5968"},"sensitive_attributes":[]}]},{"mode":"data","type":"cloudflare_dns_records","name":"mgrlab_protonmail_verification","provider":"provider[\"registry.opentofu.org/cloudflare/cloudflare\"]","instances":[{"schema_version":0,"attributes":{"comment":null,"content":{"contains":null,"endswith":null,"exact":"\"protonmail-verification=a44008d99f35e12c4692de54f5c5dbc0e6a3f66c\"","startswith":null},"direction":null,"include_shadow_metadata":null,"match":null,"max_items":1,"name":{"contains":null,"endswith":null,"exact":"mgrlab.dk","startswith":null},"order":null,"proxied":null,"result":[{"comment":null,"comment_modified_on":null,"content":"\"protonmail-verification=a44008d99f35e12c4692de54f5c5dbc0e6a3f66c\"","created_on":"2025-08-02T14:07:10Z","data":null,"id":"8fa2c4bd4c99a3379f02a35daa40440c","meta":"{}","modified_on":"2025-08-02T14:07:10Z","name":"mgrlab.dk","priority":null,"private_routing":null,"proxiable":false,"proxied":false,"settings":{"flatten_cname":null,"ipv4_only":null,"ipv6_only":null},"tags":[],"tags_modified_on":null,"ttl":1,"type":"TXT"}],"search":null,"shadowed_by_name":null,"shadowing_name":null,"tag":null,"tag_match":null,"type":"TXT","zone_id":"8fb38678d03866da7309df30e2fa5968"},"sensitive_attributes":[]}]},{"mode":"data","type":"cloudflare_dns_records","name":"mgrlab_wildcard_a","provider":"provider[\"registry.opentofu.org/cloudflare/cloudflare\"]","instances":[{"schema_version":0,"attributes":{"comment":null,"content":{"contains":null,"endswith":null,"exact":"138.199.154.23","startswith":null},"direction":null,"include_shadow_metadata":null,"match":null,"max_items":1,"name":{"contains":null,"endswith":null,"exact":"*.mgrlab.dk","startswith":null},"order":null,"proxied":null,"result":[{"comment":null,"comment_modified_on":null,"content":"138.199.154.23","created_on":"2025-02-16T21:47:03Z","data":null,"id":"ab94b23835a6849efa91bf3fd170197f","meta":"{}","modified_on":"2025-02-16T21:48:22Z","name":"*.mgrlab.dk","priority":null,"private_routing":null,"proxiable":true,"proxied":false,"settings":{"flatten_cname":null,"ipv4_only":null,"ipv6_only":null},"tags":[],"tags_modified_on":null,"ttl":1,"type":"A"}],"search":null,"shadowed_by_name":null,"shadowing_name":null,"tag":null,"tag_match":null,"type":"A","zone_id":"8fb38678d03866da7309df30e2fa5968"},"sensitive_attributes":[]}]},{"mode":"data","type":"cloudflare_dns_records","name":"mgrlab_www_a","provider":"provider[\"registry.opentofu.org/cloudflare/cloudflare\"]","instances":[{"schema_version":0,"attributes":{"comment":null,"content":{"contains":null,"endswith":null,"exact":"138.199.154.23","startswith":null},"direction":null,"include_shadow_metadata":null,"match":null,"max_items":1,"name":{"contains":null,"endswith":null,"exact":"www.mgrlab.dk","startswith":null},"order":null,"proxied":null,"result":[{"comment":null,"comment_modified_on":null,"content":"138.199.154.23","created_on":"2024-09-27T15:39:15Z","data":null,"id":"18d8dd53c1c3ab8effcd806aaaa76910","meta":"{}","modified_on":"2025-04-08T19:20:07Z","name":"www.mgrlab.dk","priority":null,"private_routing":null,"proxiable":true,"proxied":false,"settings":{"flatten_cname":null,"ipv4_only":null,"ipv6_only":null},"tags":[],"tags_modified_on":null,"ttl":1,"type":"A"}],"search":null,"shadowed_by_name":null,"shadowing_name":null,"tag":null,"tag_match":null,"type":"A","zone_id":"8fb38678d03866da7309df30e2fa5968"},"sensitive_attributes":[]}]},{"mode":"data","type":"cloudflare_dns_records","name":"michael_graversen_apex_a","provider":"provider[\"registry.opentofu.org/cloudflare/cloudflare\"]","instances":[{"schema_version":0,"attributes":{"comment":null,"content":{"contains":null,"endswith":null,"exact":"93.191.156.253","startswith":null},"direction":null,"include_shadow_metadata":null,"match":null,"max_items":1,"name":{"contains":null,"endswith":null,"exact":"michael-graversen.dk","startswith":null},"order":null,"proxied":null,"result":[{"comment":null,"comment_modified_on":null,"content":"93.191.156.253","created_on":"2024-09-26T18:50:31Z","data":null,"id":"64400e07cb8e0403b41032ec143fb3b0","meta":"{}","modified_on":"2024-09-26T18:50:31Z","name":"michael-graversen.dk","priority":null,"private_routing":null,"proxiable":true,"proxied":false,"settings":{"flatten_cname":null,"ipv4_only":null,"ipv6_only":null},"tags":[],"tags_modified_on":null,"ttl":1,"type":"A"}],"search":null,"shadowed_by_name":null,"shadowing_name":null,"tag":null,"tag_match":null,"type":"A","zone_id":"8f7859a81cb04f1d118add696607dee1"},"sensitive_attributes":[]}]},{"mode":"data","type":"cloudflare_dns_records","name":"michael_graversen_dmarc","provider":"provider[\"registry.opentofu.org/cloudflare/cloudflare\"]","instances":[{"schema_version":0,"attributes":{"comment":null,"content":{"contains":null,"endswith":null,"exact":"dmarc.simply.com","startswith":null},"direction":null,"include_shadow_metadata":null,"match":null,"max_items":1,"name":{"contains":null,"endswith":null,"exact":"_dmarc.michael-graversen.dk","startswith":null},"order":null,"proxied":null,"result":[{"comment":null,"comment_modified_on":null,"content":"dmarc.simply.com","created_on":"2025-08-02T15:24:27Z","data":null,"id":"10ac16a2a2939591ce917545cc2b5920","meta":"{}","modified_on":"2025-08-02T15:24:27Z","name":"_dmarc.michael-graversen.dk","priority":null,"private_routing":null,"proxiable":true,"proxied":false,"settings":{"flatten_cname":false,"ipv4_only":null,"ipv6_only":null},"tags":[],"tags_modified_on":null,"ttl":1,"type":"CNAME"}],"search":null,"shadowed_by_name":null,"shadowing_name":null,"tag":null,"tag_match":null,"type":"CNAME","zone_id":"8f7859a81cb04f1d118add696607dee1"},"sensitive_attributes":[]}]},{"mode":"data","type":"cloudflare_dns_records","name":"michael_graversen_protonmail_dkim_1","provider":"provider[\"registry.opentofu.org/cloudflare/cloudflare\"]","instances":[{"schema_version":0,"attributes":{"comment":null,"content":{"contains":null,"endswith":null,"exact":"protonmail.domainkey.dpagdvey2k7rnowvdupchpqwebftokfb4jsk2yw33tz2en2k66p2q.domains.proton.ch","startswith":null},"direction":null,"include_shadow_metadata":null,"match":null,"max_items":1,"name":{"contains":null,"endswith":null,"exact":"protonmail._domainkey.michael-graversen.dk","startswith":null},"order":null,"proxied":null,"result":[{"comment":null,"comment_modified_on":null,"content":"protonmail.domainkey.dpagdvey2k7rnowvdupchpqwebftokfb4jsk2yw33tz2en2k66p2q.domains.proton.ch","created_on":"2025-08-02T15:25:30Z","data":null,"id":"56fe0e1c1916da6803af61c1ffe1f7ed","meta":"{}","modified_on":"2025-08-02T19:00:40Z","name":"protonmail._domainkey.michael-graversen.dk","priority":null,"private_routing":null,"proxiable":true,"proxied":false,"settings":{"flatten_cname":false,"ipv4_only":null,"ipv6_only":null},"tags":[],"tags_modified_on":null,"ttl":1,"type":"CNAME"}],"search":null,"shadowed_by_name":null,"shadowing_name":null,"tag":null,"tag_match":null,"type":"CNAME","zone_id":"8f7859a81cb04f1d118add696607dee1"},"sensitive_attributes":[]}]},{"mode":"data","type":"cloudflare_dns_records","name":"michael_graversen_protonmail_dkim_2","provider":"provider[\"registry.opentofu.org/cloudflare/cloudflare\"]","instances":[{"schema_version":0,"attributes":{"comment":null,"content":{"contains":null,"endswith":null,"exact":"protonmail2.domainkey.dpagdvey2k7rnowvdupchpqwebftokfb4jsk2yw33tz2en2k66p2q.domains.proton.ch","startswith":null},"direction":null,"include_shadow_metadata":null,"match":null,"max_items":1,"name":{"contains":null,"endswith":null,"exact":"protonmail2._domainkey.michael-graversen.dk","startswith":null},"order":null,"proxied":null,"result":[{"comment":null,"comment_modified_on":null,"content":"protonmail2.domainkey.dpagdvey2k7rnowvdupchpqwebftokfb4jsk2yw33tz2en2k66p2q.domains.proton.ch","created_on":"2025-08-02T15:26:00Z","data":null,"id":"652abb3b5e8b49d37bba66950730e127","meta":"{}","modified_on":"2025-08-02T19:00:57Z","name":"protonmail2._domainkey.michael-graversen.dk","priority":null,"private_routing":null,"proxiable":true,"proxied":false,"settings":{"flatten_cname":false,"ipv4_only":null,"ipv6_only":null},"tags":[],"tags_modified_on":null,"ttl":1,"type":"CNAME"}],"search":null,"shadowed_by_name":null,"shadowing_name":null,"tag":null,"tag_match":null,"type":"CNAME","zone_id":"8f7859a81cb04f1d118add696607dee1"},"sensitive_attributes":[]}]},{"mode":"data","type":"cloudflare_dns_records","name":"michael_graversen_protonmail_dkim_3","provider":"provider[\"registry.opentofu.org/cloudflare/cloudflare\"]","instances":[{"schema_version":0,"attributes":{"comment":null,"content":{"contains":null,"endswith":null,"exact":"protonmail3.domainkey.dpagdvey2k7rnowvdupchpqwebftokfb4jsk2yw33tz2en2k66p2q.domains.proton.ch","startswith":null},"direction":null,"include_shadow_metadata":null,"match":null,"max_items":1,"name":{"contains":null,"endswith":null,"exact":"protonmail3._domainkey.michael-graversen.dk","startswith":null},"order":null,"proxied":null,"result":[{"comment":null,"comment_modified_on":null,"content":"protonmail3.domainkey.dpagdvey2k7rnowvdupchpqwebftokfb4jsk2yw33tz2en2k66p2q.domains.proton.ch","created_on":"2025-08-02T15:26:40Z","data":null,"id":"0ab977fffaebd2831c41f677d5415195","meta":"{}","modified_on":"2025-08-02T19:01:12Z","name":"protonmail3._domainkey.michael-graversen.dk","priority":null,"private_routing":null,"proxiable":true,"proxied":false,"settings":{"flatten_cname":false,"ipv4_only":null,"ipv6_only":null},"tags":[],"tags_modified_on":null,"ttl":1,"type":"CNAME"}],"search":null,"shadowed_by_name":null,"shadowing_name":null,"tag":null,"tag_match":null,"type":"CNAME","zone_id":"8f7859a81cb04f1d118add696607dee1"},"sensitive_attributes":[]}]},{"mode":"data","type":"cloudflare_dns_records","name":"michael_graversen_protonmail_mx_primary","provider":"provider[\"registry.opentofu.org/cloudflare/cloudflare\"]","instances":[{"schema_version":0,"attributes":{"comment":null,"content":{"contains":null,"endswith":null,"exact":"mail.protonmail.ch","startswith":null},"direction":null,"include_shadow_metadata":null,"match":null,"max_items":1,"name":{"contains":null,"endswith":null,"exact":"michael-graversen.dk","startswith":null},"order":null,"proxied":null,"result":[{"comment":null,"comment_modified_on":null,"content":"mail.protonmail.ch","created_on":"2024-09-26T18:51:22Z","data":null,"id":"25496c725af9a7bac4cd4111549d3a29","meta":"{}","modified_on":"2025-08-02T18:59:18Z","name":"michael-graversen.dk","priority":10,"private_routing":null,"proxiable":false,"proxied":false,"settings":{"flatten_cname":null,"ipv4_only":null,"ipv6_only":null},"tags":[],"tags_modified_on":null,"ttl":1,"type":"MX"}],"search":null,"shadowed_by_name":null,"shadowing_name":null,"tag":null,"tag_match":null,"type":"MX","zone_id":"8f7859a81cb04f1d118add696607dee1"},"sensitive_attributes":[]}]},{"mode":"data","type":"cloudflare_dns_records","name":"michael_graversen_protonmail_mx_secondary","provider":"provider[\"registry.opentofu.org/cloudflare/cloudflare\"]","instances":[{"schema_version":0,"attributes":{"comment":null,"content":{"contains":null,"endswith":null,"exact":"mailsec.protonmail.ch","startswith":null},"direction":null,"include_shadow_metadata":null,"match":null,"max_items":1,"name":{"contains":null,"endswith":null,"exact":"michael-graversen.dk","startswith":null},"order":null,"proxied":null,"result":[{"comment":null,"comment_modified_on":null,"content":"mailsec.protonmail.ch","created_on":"2025-08-02T18:59:33Z","data":null,"id":"c3d91b10172221940f233702c97322b9","meta":"{}","modified_on":"2025-08-02T18:59:33Z","name":"michael-graversen.dk","priority":20,"private_routing":null,"proxiable":false,"proxied":false,"settings":{"flatten_cname":null,"ipv4_only":null,"ipv6_only":null},"tags":[],"tags_modified_on":null,"ttl":1,"type":"MX"}],"search":null,"shadowed_by_name":null,"shadowing_name":null,"tag":null,"tag_match":null,"type":"MX","zone_id":"8f7859a81cb04f1d118add696607dee1"},"sensitive_attributes":[]}]},{"mode":"data","type":"cloudflare_dns_records","name":"michael_graversen_protonmail_spf","provider":"provider[\"registry.opentofu.org/cloudflare/cloudflare\"]","instances":[{"schema_version":0,"attributes":{"comment":null,"content":{"contains":null,"endswith":null,"exact":"\"v=spf1 include:_spf.protonmail.ch ~all\"","startswith":null},"direction":null,"include_shadow_metadata":null,"match":null,"max_items":1,"name":{"contains":null,"endswith":null,"exact":"michael-graversen.dk","startswith":null},"order":null,"proxied":null,"result":[{"comment":null,"comment_modified_on":null,"content":"\"v=spf1 include:_spf.protonmail.ch ~all\"","created_on":"2025-08-02T19:00:11Z","data":null,"id":"7b5f6796f0c2f93042f0f7d490477cb3","meta":"{}","modified_on":"2025-08-02T19:00:11Z","name":"michael-graversen.dk","priority":null,"private_routing":null,"proxiable":false,"proxied":false,"settings":{"flatten_cname":null,"ipv4_only":null,"ipv6_only":null},"tags":[],"tags_modified_on":null,"ttl":1,"type":"TXT"}],"search":null,"shadowed_by_name":null,"shadowing_name":null,"tag":null,"tag_match":null,"type":"TXT","zone_id":"8f7859a81cb04f1d118add696607dee1"},"sensitive_attributes":[]}]},{"mode":"data","type":"cloudflare_dns_records","name":"michael_graversen_protonmail_verification","provider":"provider[\"registry.opentofu.org/cloudflare/cloudflare\"]","instances":[{"schema_version":0,"attributes":{"comment":null,"content":{"contains":null,"endswith":null,"exact":"\"protonmail-verification=783fa7039b5934348a359a87494de2c0e6a4be9e\"","startswith":null},"direction":null,"include_shadow_metadata":null,"match":null,"max_items":1,"name":{"contains":null,"endswith":null,"exact":"michael-graversen.dk","startswith":null},"order":null,"proxied":null,"result":[{"comment":null,"comment_modified_on":null,"content":"\"protonmail-verification=783fa7039b5934348a359a87494de2c0e6a4be9e\"","created_on":"2025-08-02T18:52:12Z","data":null,"id":"0aa5a3c1faad0910b8f88dc50cc6b5b1","meta":"{}","modified_on":"2025-08-02T18:52:12Z","name":"michael-graversen.dk","priority":null,"private_routing":null,"proxiable":false,"proxied":false,"settings":{"flatten_cname":null,"ipv4_only":null,"ipv6_only":null},"tags":[],"tags_modified_on":null,"ttl":1,"type":"TXT"}],"search":null,"shadowed_by_name":null,"shadowing_name":null,"tag":null,"tag_match":null,"type":"TXT","zone_id":"8f7859a81cb04f1d118add696607dee1"},"sensitive_attributes":[]}]},{"mode":"data","type":"cloudflare_dns_records","name":"michael_graversen_www_a","provider":"provider[\"registry.opentofu.org/cloudflare/cloudflare\"]","instances":[{"schema_version":0,"attributes":{"comment":null,"content":{"contains":null,"endswith":null,"exact":"93.191.156.253","startswith":null},"direction":null,"include_shadow_metadata":null,"match":null,"max_items":1,"name":{"contains":null,"endswith":null,"exact":"www.michael-graversen.dk","startswith":null},"order":null,"proxied":null,"result":[{"comment":null,"comment_modified_on":null,"content":"93.191.156.253","created_on":"2024-09-26T18:50:03Z","data":null,"id":"a291d75e719f092856bf1bd0cc61d24a","meta":"{}","modified_on":"2024-09-26T18:50:03Z","name":"www.michael-graversen.dk","priority":null,"private_routing":null,"proxiable":true,"proxied":false,"settings":{"flatten_cname":null,"ipv4_only":null,"ipv6_only":null},"tags":[],"tags_modified_on":null,"ttl":1,"type":"A"}],"search":null,"shadowed_by_name":null,"shadowing_name":null,"tag":null,"tag_match":null,"type":"A","zone_id":"8f7859a81cb04f1d118add696607dee1"},"sensitive_attributes":[]}]},{"mode":"data","type":"cloudflare_zones","name":"mgrlab","provider":"provider[\"registry.opentofu.org/cloudflare/cloudflare\"]","instances":[{"schema_version":0,"attributes":{"account":null,"direction":null,"match":null,"max_items":1,"name":"mgrlab.dk","order":null,"result":[{"account":{"id":"e21433fba757c77f5a4ac50aade79a8e","name":"Home@michael-graversen.dk's Account"},"activated_on":"2024-09-27T15:50:17Z","cname_suffix":null,"created_on":"2024-09-27T15:38:24Z","development_mode":-61590237,"id":"8fb38678d03866da7309df30e2fa5968","meta":{"cdn_only":null,"custom_certificate_quota":0,"dns_only":null,"foundation_dns":null,"page_rule_quota":3,"phishing_detected":false,"step":2},"modified_on":"2024-09-27T15:50:17Z","name":"mgrlab.dk","name_servers":["kara.ns.cloudflare.com","vasilii.ns.cloudflare.com"],"original_dnshost":null,"original_name_servers":["ns1.simply.com","ns2.simply.com","ns3.simply.com"],"original_registrar":null,"owner":{"id":null,"name":null,"type":"user"},"paused":false,"permissions":["#zone:read","#zone_settings:read","#dns_records:edit","#dns_records:read"],"plan":{"can_subscribe":false,"currency":"USD","externally_managed":false,"frequency":"","id":"0feeeeeeeeeeeeeeeeeeeeeeeeeeeeee","is_subscribed":false,"legacy_discount":false,"legacy_id":"free","name":"Free Website","price":0},"status":"active","tenant":{"id":null,"name":null},"tenant_unit":{"id":null},"type":"full","vanity_name_servers":[],"verification_key":null}],"status":null,"type":null},"sensitive_attributes":[]}]},{"mode":"data","type":"cloudflare_zones","name":"michael_graversen","provider":"provider[\"registry.opentofu.org/cloudflare/cloudflare\"]","instances":[{"schema_version":0,"attributes":{"account":null,"direction":null,"match":null,"max_items":1,"name":"michael-graversen.dk","order":null,"result":[{"account":{"id":"e21433fba757c77f5a4ac50aade79a8e","name":"Home@michael-graversen.dk's Account"},"activated_on":"2024-09-26T14:46:04Z","cname_suffix":null,"created_on":"2024-09-26T14:24:42Z","development_mode":-61681530,"id":"8f7859a81cb04f1d118add696607dee1","meta":{"cdn_only":null,"custom_certificate_quota":0,"dns_only":null,"foundation_dns":null,"page_rule_quota":3,"phishing_detected":false,"step":2},"modified_on":"2024-09-26T18:54:06Z","name":"michael-graversen.dk","name_servers":["kara.ns.cloudflare.com","vasilii.ns.cloudflare.com"],"original_dnshost":null,"original_name_servers":["ns1.simply.com","ns2.simply.com","ns3.simply.com","ns4.simply.com"],"original_registrar":null,"owner":{"id":null,"name":null,"type":"user"},"paused":false,"permissions":["#zone:read","#zone_settings:read","#dns_records:edit","#dns_records:read"],"plan":{"can_subscribe":false,"currency":"USD","externally_managed":false,"frequency":"","id":"0feeeeeeeeeeeeeeeeeeeeeeeeeeeeee","is_subscribed":false,"legacy_discount":false,"legacy_id":"free","name":"Free Website","price":0},"status":"active","tenant":{"id":null,"name":null},"tenant_unit":{"id":null},"type":"full","vanity_name_servers":[],"verification_key":null}],"status":null,"type":null},"sensitive_attributes":[]}]},{"mode":"managed","type":"cloudflare_dns_record","name":"mgrlab_apex_a","provider":"provider[\"registry.opentofu.org/cloudflare/cloudflare\"]","instances":[{"schema_version":500,"attributes":{"comment":null,"comment_modified_on":null,"content":"138.199.154.23","created_on":"2024-09-27T15:39:15Z","data":null,"id":"1b84a8baa4c41d6cbfabd6226f035f0f","meta":"{}","modified_on":"2025-04-08T19:19:57Z","name":"mgrlab.dk","priority":null,"private_routing":null,"proxiable":true,"proxied":false,"settings":{"flatten_cname":null,"ipv4_only":null,"ipv6_only":null},"tags":[],"tags_modified_on":null,"ttl":1,"type":"A","zone_id":"8fb38678d03866da7309df30e2fa5968"},"sensitive_attributes":[],"dependencies":["data.cloudflare_dns_records.mgrlab_apex_a","data.cloudflare_zones.mgrlab"]}]},{"mode":"managed","type":"cloudflare_dns_record","name":"mgrlab_dmarc","provider":"provider[\"registry.opentofu.org/cloudflare/cloudflare\"]","instances":[{"schema_version":500,"attributes":{"comment":null,"comment_modified_on":null,"content":"\"v=DMARC1; p=quarantine\"","created_on":"2025-08-02T14:15:40Z","data":null,"id":"8a14268c3688f04d55143c87efa99283","meta":"{}","modified_on":"2025-08-02T14:15:40Z","name":"_dmarc.mgrlab.dk","priority":null,"private_routing":null,"proxiable":false,"proxied":false,"settings":{"flatten_cname":null,"ipv4_only":null,"ipv6_only":null},"tags":[],"tags_modified_on":null,"ttl":1,"type":"TXT","zone_id":"8fb38678d03866da7309df30e2fa5968"},"sensitive_attributes":[],"dependencies":["data.cloudflare_dns_records.mgrlab_dmarc","data.cloudflare_zones.mgrlab"]}]},{"mode":"managed","type":"cloudflare_dns_record","name":"mgrlab_protonmail_dkim_1","provider":"provider[\"registry.opentofu.org/cloudflare/cloudflare\"]","instances":[{"schema_version":500,"attributes":{"comment":null,"comment_modified_on":null,"content":"protonmail.domainkey.dtlsqrfwymr5t7o4otvfpyoaqpjebrr6rwuf7ugka7quh7nxzkc7a.domains.proton.ch","created_on":"2025-08-02T14:13:41Z","data":null,"id":"b6f698794115fbf266ddf5e8cf35ba73","meta":"{}","modified_on":"2025-08-02T14:13:47Z","name":"protonmail._domainkey.mgrlab.dk","priority":null,"private_routing":null,"proxiable":true,"proxied":false,"settings":{"flatten_cname":false,"ipv4_only":false,"ipv6_only":false},"tags":[],"tags_modified_on":null,"ttl":1,"type":"CNAME","zone_id":"8fb38678d03866da7309df30e2fa5968"},"sensitive_attributes":[],"dependencies":["data.cloudflare_dns_records.mgrlab_protonmail_dkim_1","data.cloudflare_zones.mgrlab"]}]},{"mode":"managed","type":"cloudflare_dns_record","name":"mgrlab_protonmail_dkim_2","provider":"provider[\"registry.opentofu.org/cloudflare/cloudflare\"]","instances":[{"schema_version":500,"attributes":{"comment":null,"comment_modified_on":null,"content":"protonmail2.domainkey.dtlsqrfwymr5t7o4otvfpyoaqpjebrr6rwuf7ugka7quh7nxzkc7a.domains.proton.ch","created_on":"2025-08-02T14:14:06Z","data":null,"id":"d536f44016f792bbe186729952adc7d6","meta":"{}","modified_on":"2025-08-02T14:14:06Z","name":"protonmail2._domainkey.mgrlab.dk","priority":null,"private_routing":null,"proxiable":true,"proxied":false,"settings":{"flatten_cname":false,"ipv4_only":false,"ipv6_only":false},"tags":[],"tags_modified_on":null,"ttl":1,"type":"CNAME","zone_id":"8fb38678d03866da7309df30e2fa5968"},"sensitive_attributes":[],"dependencies":["data.cloudflare_dns_records.mgrlab_protonmail_dkim_2","data.cloudflare_zones.mgrlab"]}]},{"mode":"managed","type":"cloudflare_dns_record","name":"mgrlab_protonmail_dkim_3","provider":"provider[\"registry.opentofu.org/cloudflare/cloudflare\"]","instances":[{"schema_version":500,"attributes":{"comment":null,"comment_modified_on":null,"content":"protonmail3.domainkey.dtlsqrfwymr5t7o4otvfpyoaqpjebrr6rwuf7ugka7quh7nxzkc7a.domains.proton.ch","created_on":"2025-08-02T14:14:22Z","data":null,"id":"c15065605803a6cea6ca8b1652bd6c43","meta":"{}","modified_on":"2025-08-02T14:15:09Z","name":"protonmail3._domainkey.mgrlab.dk","priority":null,"private_routing":null,"proxiable":true,"proxied":false,"settings":{"flatten_cname":false,"ipv4_only":false,"ipv6_only":false},"tags":[],"tags_modified_on":null,"ttl":1,"type":"CNAME","zone_id":"8fb38678d03866da7309df30e2fa5968"},"sensitive_attributes":[],"dependencies":["data.cloudflare_dns_records.mgrlab_protonmail_dkim_3","data.cloudflare_zones.mgrlab"]}]},{"mode":"managed","type":"cloudflare_dns_record","name":"mgrlab_protonmail_mx_primary","provider":"provider[\"registry.opentofu.org/cloudflare/cloudflare\"]","instances":[{"schema_version":500,"attributes":{"comment":null,"comment_modified_on":null,"content":"mail.protonmail.ch","created_on":"2025-08-02T14:12:37Z","data":null,"id":"4f9a6b6e0788f827ea7ac88c44a15525","meta":"{}","modified_on":"2025-08-02T14:12:37Z","name":"mgrlab.dk","priority":10,"private_routing":null,"proxiable":false,"proxied":false,"settings":{"flatten_cname":null,"ipv4_only":null,"ipv6_only":null},"tags":[],"tags_modified_on":null,"ttl":1,"type":"MX","zone_id":"8fb38678d03866da7309df30e2fa5968"},"sensitive_attributes":[],"dependencies":["data.cloudflare_dns_records.mgrlab_protonmail_mx_primary","data.cloudflare_zones.mgrlab"]}]},{"mode":"managed","type":"cloudflare_dns_record","name":"mgrlab_protonmail_mx_secondary","provider":"provider[\"registry.opentofu.org/cloudflare/cloudflare\"]","instances":[{"schema_version":500,"attributes":{"comment":null,"comment_modified_on":null,"content":"mailsec.protonmail.ch","created_on":"2025-08-02T14:12:50Z","data":null,"id":"0dfcf3a44c0c20d933e923399090e774","meta":"{}","modified_on":"2025-08-02T14:12:50Z","name":"mgrlab.dk","priority":20,"private_routing":null,"proxiable":false,"proxied":false,"settings":{"flatten_cname":null,"ipv4_only":null,"ipv6_only":null},"tags":[],"tags_modified_on":null,"ttl":1,"type":"MX","zone_id":"8fb38678d03866da7309df30e2fa5968"},"sensitive_attributes":[],"dependencies":["data.cloudflare_dns_records.mgrlab_protonmail_mx_secondary","data.cloudflare_zones.mgrlab"]}]},{"mode":"managed","type":"cloudflare_dns_record","name":"mgrlab_protonmail_spf","provider":"provider[\"registry.opentofu.org/cloudflare/cloudflare\"]","instances":[{"schema_version":500,"attributes":{"comment":null,"comment_modified_on":null,"content":"\"v=spf1 include:_spf.protonmail.ch ~all\"","created_on":"2025-08-02T14:13:19Z","data":null,"id":"abab74dc5f95bb173f87aaa3d75de6f7","meta":"{}","modified_on":"2025-08-02T14:13:19Z","name":"mgrlab.dk","priority":null,"private_routing":null,"proxiable":false,"proxied":false,"settings":{"flatten_cname":null,"ipv4_only":null,"ipv6_only":null},"tags":[],"tags_modified_on":null,"ttl":1,"type":"TXT","zone_id":"8fb38678d03866da7309df30e2fa5968"},"sensitive_attributes":[],"dependencies":["data.cloudflare_dns_records.mgrlab_protonmail_spf","data.cloudflare_zones.mgrlab"]}]},{"mode":"managed","type":"cloudflare_dns_record","name":"mgrlab_protonmail_verification","provider":"provider[\"registry.opentofu.org/cloudflare/cloudflare\"]","instances":[{"schema_version":500,"attributes":{"comment":null,"comment_modified_on":null,"content":"\"protonmail-verification=a44008d99f35e12c4692de54f5c5dbc0e6a3f66c\"","created_on":"2025-08-02T14:07:10Z","data":null,"id":"8fa2c4bd4c99a3379f02a35daa40440c","meta":"{}","modified_on":"2025-08-02T14:07:10Z","name":"mgrlab.dk","priority":null,"private_routing":null,"proxiable":false,"proxied":false,"settings":{"flatten_cname":null,"ipv4_only":null,"ipv6_only":null},"tags":[],"tags_modified_on":null,"ttl":1,"type":"TXT","zone_id":"8fb38678d03866da7309df30e2fa5968"},"sensitive_attributes":[],"dependencies":["data.cloudflare_dns_records.mgrlab_protonmail_verification","data.cloudflare_zones.mgrlab"]}]},{"mode":"managed","type":"cloudflare_dns_record","name":"mgrlab_wildcard_a","provider":"provider[\"registry.opentofu.org/cloudflare/cloudflare\"]","instances":[{"schema_version":500,"attributes":{"comment":null,"comment_modified_on":null,"content":"138.199.154.23","created_on":"2025-02-16T21:47:03Z","data":null,"id":"ab94b23835a6849efa91bf3fd170197f","meta":"{}","modified_on":"2025-02-16T21:48:22Z","name":"*.mgrlab.dk","priority":null,"private_routing":null,"proxiable":true,"proxied":false,"settings":{"flatten_cname":null,"ipv4_only":null,"ipv6_only":null},"tags":[],"tags_modified_on":null,"ttl":1,"type":"A","zone_id":"8fb38678d03866da7309df30e2fa5968"},"sensitive_attributes":[],"dependencies":["data.cloudflare_dns_records.mgrlab_wildcard_a","data.cloudflare_zones.mgrlab"]}]},{"mode":"managed","type":"cloudflare_dns_record","name":"mgrlab_www_a","provider":"provider[\"registry.opentofu.org/cloudflare/cloudflare\"]","instances":[{"schema_version":500,"attributes":{"comment":null,"comment_modified_on":null,"content":"138.199.154.23","created_on":"2024-09-27T15:39:15Z","data":null,"id":"18d8dd53c1c3ab8effcd806aaaa76910","meta":"{}","modified_on":"2025-04-08T19:20:07Z","name":"www.mgrlab.dk","priority":null,"private_routing":null,"proxiable":true,"proxied":false,"settings":{"flatten_cname":null,"ipv4_only":null,"ipv6_only":null},"tags":[],"tags_modified_on":null,"ttl":1,"type":"A","zone_id":"8fb38678d03866da7309df30e2fa5968"},"sensitive_attributes":[],"dependencies":["data.cloudflare_dns_records.mgrlab_www_a","data.cloudflare_zones.mgrlab"]}]},{"mode":"managed","type":"cloudflare_dns_record","name":"michael_graversen_apex_a","provider":"provider[\"registry.opentofu.org/cloudflare/cloudflare\"]","instances":[{"schema_version":500,"attributes":{"comment":null,"comment_modified_on":null,"content":"93.191.156.253","created_on":"2024-09-26T18:50:31Z","data":null,"id":"64400e07cb8e0403b41032ec143fb3b0","meta":"{}","modified_on":"2024-09-26T18:50:31Z","name":"michael-graversen.dk","priority":null,"private_routing":null,"proxiable":true,"proxied":false,"settings":{"flatten_cname":null,"ipv4_only":null,"ipv6_only":null},"tags":[],"tags_modified_on":null,"ttl":1,"type":"A","zone_id":"8f7859a81cb04f1d118add696607dee1"},"sensitive_attributes":[],"dependencies":["data.cloudflare_dns_records.michael_graversen_apex_a","data.cloudflare_zones.michael_graversen"]}]},{"mode":"managed","type":"cloudflare_dns_record","name":"michael_graversen_dmarc","provider":"provider[\"registry.opentofu.org/cloudflare/cloudflare\"]","instances":[{"schema_version":500,"attributes":{"comment":null,"comment_modified_on":null,"content":"dmarc.simply.com","created_on":"2025-08-02T15:24:27Z","data":null,"id":"10ac16a2a2939591ce917545cc2b5920","meta":"{}","modified_on":"2025-08-02T15:24:27Z","name":"_dmarc.michael-graversen.dk","priority":null,"private_routing":null,"proxiable":true,"proxied":false,"settings":{"flatten_cname":false,"ipv4_only":false,"ipv6_only":false},"tags":[],"tags_modified_on":null,"ttl":1,"type":"CNAME","zone_id":"8f7859a81cb04f1d118add696607dee1"},"sensitive_attributes":[],"dependencies":["data.cloudflare_dns_records.michael_graversen_dmarc","data.cloudflare_zones.michael_graversen"]}]},{"mode":"managed","type":"cloudflare_dns_record","name":"michael_graversen_protonmail_dkim_1","provider":"provider[\"registry.opentofu.org/cloudflare/cloudflare\"]","instances":[{"schema_version":500,"attributes":{"comment":null,"comment_modified_on":null,"content":"protonmail.domainkey.dpagdvey2k7rnowvdupchpqwebftokfb4jsk2yw33tz2en2k66p2q.domains.proton.ch","created_on":"2025-08-02T15:25:30Z","data":null,"id":"56fe0e1c1916da6803af61c1ffe1f7ed","meta":"{}","modified_on":"2025-08-02T19:00:40Z","name":"protonmail._domainkey.michael-graversen.dk","priority":null,"private_routing":null,"proxiable":true,"proxied":false,"settings":{"flatten_cname":false,"ipv4_only":false,"ipv6_only":false},"tags":[],"tags_modified_on":null,"ttl":1,"type":"CNAME","zone_id":"8f7859a81cb04f1d118add696607dee1"},"sensitive_attributes":[],"dependencies":["data.cloudflare_dns_records.michael_graversen_protonmail_dkim_1","data.cloudflare_zones.michael_graversen"]}]},{"mode":"managed","type":"cloudflare_dns_record","name":"michael_graversen_protonmail_dkim_2","provider":"provider[\"registry.opentofu.org/cloudflare/cloudflare\"]","instances":[{"schema_version":500,"attributes":{"comment":null,"comment_modified_on":null,"content":"protonmail2.domainkey.dpagdvey2k7rnowvdupchpqwebftokfb4jsk2yw33tz2en2k66p2q.domains.proton.ch","created_on":"2025-08-02T15:26:00Z","data":null,"id":"652abb3b5e8b49d37bba66950730e127","meta":"{}","modified_on":"2025-08-02T19:00:57Z","name":"protonmail2._domainkey.michael-graversen.dk","priority":null,"private_routing":null,"proxiable":true,"proxied":false,"settings":{"flatten_cname":false,"ipv4_only":false,"ipv6_only":false},"tags":[],"tags_modified_on":null,"ttl":1,"type":"CNAME","zone_id":"8f7859a81cb04f1d118add696607dee1"},"sensitive_attributes":[],"dependencies":["data.cloudflare_dns_records.michael_graversen_protonmail_dkim_2","data.cloudflare_zones.michael_graversen"]}]},{"mode":"managed","type":"cloudflare_dns_record","name":"michael_graversen_protonmail_dkim_3","provider":"provider[\"registry.opentofu.org/cloudflare/cloudflare\"]","instances":[{"schema_version":500,"attributes":{"comment":null,"comment_modified_on":null,"content":"protonmail3.domainkey.dpagdvey2k7rnowvdupchpqwebftokfb4jsk2yw33tz2en2k66p2q.domains.proton.ch","created_on":"2025-08-02T15:26:40Z","data":null,"id":"0ab977fffaebd2831c41f677d5415195","meta":"{}","modified_on":"2025-08-02T19:01:12Z","name":"protonmail3._domainkey.michael-graversen.dk","priority":null,"private_routing":null,"proxiable":true,"proxied":false,"settings":{"flatten_cname":false,"ipv4_only":false,"ipv6_only":false},"tags":[],"tags_modified_on":null,"ttl":1,"type":"CNAME","zone_id":"8f7859a81cb04f1d118add696607dee1"},"sensitive_attributes":[],"dependencies":["data.cloudflare_dns_records.michael_graversen_protonmail_dkim_3","data.cloudflare_zones.michael_graversen"]}]},{"mode":"managed","type":"cloudflare_dns_record","name":"michael_graversen_protonmail_mx_primary","provider":"provider[\"registry.opentofu.org/cloudflare/cloudflare\"]","instances":[{"schema_version":500,"attributes":{"comment":null,"comment_modified_on":null,"content":"mail.protonmail.ch","created_on":"2024-09-26T18:51:22Z","data":null,"id":"25496c725af9a7bac4cd4111549d3a29","meta":"{}","modified_on":"2025-08-02T18:59:18Z","name":"michael-graversen.dk","priority":10,"private_routing":null,"proxiable":false,"proxied":false,"settings":{"flatten_cname":null,"ipv4_only":null,"ipv6_only":null},"tags":[],"tags_modified_on":null,"ttl":1,"type":"MX","zone_id":"8f7859a81cb04f1d118add696607dee1"},"sensitive_attributes":[],"dependencies":["data.cloudflare_dns_records.michael_graversen_protonmail_mx_primary","data.cloudflare_zones.michael_graversen"]}]},{"mode":"managed","type":"cloudflare_dns_record","name":"michael_graversen_protonmail_mx_secondary","provider":"provider[\"registry.opentofu.org/cloudflare/cloudflare\"]","instances":[{"schema_version":500,"attributes":{"comment":null,"comment_modified_on":null,"content":"mailsec.protonmail.ch","created_on":"2025-08-02T18:59:33Z","data":null,"id":"c3d91b10172221940f233702c97322b9","meta":"{}","modified_on":"2025-08-02T18:59:33Z","name":"michael-graversen.dk","priority":20,"private_routing":null,"proxiable":false,"proxied":false,"settings":{"flatten_cname":null,"ipv4_only":null,"ipv6_only":null},"tags":[],"tags_modified_on":null,"ttl":1,"type":"MX","zone_id":"8f7859a81cb04f1d118add696607dee1"},"sensitive_attributes":[],"dependencies":["data.cloudflare_dns_records.michael_graversen_protonmail_mx_secondary","data.cloudflare_zones.michael_graversen"]}]},{"mode":"managed","type":"cloudflare_dns_record","name":"michael_graversen_protonmail_spf","provider":"provider[\"registry.opentofu.org/cloudflare/cloudflare\"]","instances":[{"schema_version":500,"attributes":{"comment":null,"comment_modified_on":null,"content":"\"v=spf1 include:_spf.protonmail.ch ~all\"","created_on":"2025-08-02T19:00:11Z","data":null,"id":"7b5f6796f0c2f93042f0f7d490477cb3","meta":"{}","modified_on":"2025-08-02T19:00:11Z","name":"michael-graversen.dk","priority":null,"private_routing":null,"proxiable":false,"proxied":false,"settings":{"flatten_cname":null,"ipv4_only":null,"ipv6_only":null},"tags":[],"tags_modified_on":null,"ttl":1,"type":"TXT","zone_id":"8f7859a81cb04f1d118add696607dee1"},"sensitive_attributes":[],"dependencies":["data.cloudflare_dns_records.michael_graversen_protonmail_spf","data.cloudflare_zones.michael_graversen"]}]},{"mode":"managed","type":"cloudflare_dns_record","name":"michael_graversen_protonmail_verification","provider":"provider[\"registry.opentofu.org/cloudflare/cloudflare\"]","instances":[{"schema_version":500,"attributes":{"comment":null,"comment_modified_on":null,"content":"\"protonmail-verification=783fa7039b5934348a359a87494de2c0e6a4be9e\"","created_on":"2025-08-02T18:52:12Z","data":null,"id":"0aa5a3c1faad0910b8f88dc50cc6b5b1","meta":"{}","modified_on":"2025-08-02T18:52:12Z","name":"michael-graversen.dk","priority":null,"private_routing":null,"proxiable":false,"proxied":false,"settings":{"flatten_cname":null,"ipv4_only":null,"ipv6_only":null},"tags":[],"tags_modified_on":null,"ttl":1,"type":"TXT","zone_id":"8f7859a81cb04f1d118add696607dee1"},"sensitive_attributes":[],"dependencies":["data.cloudflare_dns_records.michael_graversen_protonmail_verification","data.cloudflare_zones.michael_graversen"]}]},{"mode":"managed","type":"cloudflare_dns_record","name":"michael_graversen_www_a","provider":"provider[\"registry.opentofu.org/cloudflare/cloudflare\"]","instances":[{"schema_version":500,"attributes":{"comment":null,"comment_modified_on":null,"content":"93.191.156.253","created_on":"2024-09-26T18:50:03Z","data":null,"id":"a291d75e719f092856bf1bd0cc61d24a","meta":"{}","modified_on":"2024-09-26T18:50:03Z","name":"www.michael-graversen.dk","priority":null,"private_routing":null,"proxiable":true,"proxied":false,"settings":{"flatten_cname":null,"ipv4_only":null,"ipv6_only":null},"tags":[],"tags_modified_on":null,"ttl":1,"type":"A","zone_id":"8f7859a81cb04f1d118add696607dee1"},"sensitive_attributes":[],"dependencies":["data.cloudflare_dns_records.michael_graversen_www_a","data.cloudflare_zones.michael_graversen"]}]},{"mode":"managed","type":"cloudflare_zone_dnssec","name":"mgrlab","provider":"provider[\"registry.opentofu.org/cloudflare/cloudflare\"]","instances":[{"schema_version":500,"attributes":{"algorithm":"13","digest":"28A2930A59DF84C1224F3CB66D1BB2CE3AB3C054F0DE071C2815BB1C7BDB7BD9","digest_algorithm":"SHA256","digest_type":"2","dnssec_multi_signer":null,"dnssec_presigned":null,"dnssec_use_nsec3":null,"ds":"mgrlab.dk. 3600 IN DS 2371 13 2 28A2930A59DF84C1224F3CB66D1BB2CE3AB3C054F0DE071C2815BB1C7BDB7BD9","flags":257,"id":"8fb38678d03866da7309df30e2fa5968","key_tag":2371,"key_type":"ECDSAP256SHA256","modified_on":"2026-09-06T15:30:24Z","public_key":"mdsswUyr3DPW132mOi8V9xESWE8jTo0dxCjjnopKl+GqJxpVXckHAeF+KkxLbxILfDLUT0rAK9iUzy1L53eKGQ==","status":"active","zone_id":"8fb38678d03866da7309df30e2fa5968"},"sensitive_attributes":[],"dependencies":["data.cloudflare_zones.mgrlab"]}]}],"check_results":null}
