{
  "version": 4,
  "terraform_version": "1.12.6",
  "serial": 1,
  "lineage": "da6d53bc-ab61-6156-8e77-84af93c182f0",
  "outputs": {
    "aether_ipv4": {
      "value": "138.199.154.23",
      "type": "string"
    },
    "aether_ipv6_network": {
      "value": "2a01:4f8:c17:3c6f::/64",
      "type": "string"
    },
    "aether_location": {
      "value": "fsn1",
      "type": "string"
    },
    "aether_server_id": {
      "value": "59714693",
      "type": "string"
    },
    "aether_server_type": {
      "value": "cx22",
      "type": "string"
    }
  },
  "resources": [
    {
      "mode": "managed",
      "type": "hcloud_primary_ip",
      "name": "aether_ipv4",
      "provider": "provider[\"registry.opentofu.org/hetznercloud/hcloud\"]",
      "instances": [
        {
          "schema_version": 0,
          "attributes": {
            "assignee_id": 59714693,
            "assignee_type": "server",
            "auto_delete": true,
            "datacenter": null,
            "delete_protection": false,
            "id": 80960483,
            "ip_address": "138.199.154.23",
            "ip_network": null,
            "labels": {},
            "location": "fsn1",
            "name": "primary_ip-80960483",
            "type": "ipv4"
          },
          "sensitive_attributes": []
        }
      ]
    },
    {
      "mode": "managed",
      "type": "hcloud_primary_ip",
      "name": "aether_ipv6",
      "provider": "provider[\"registry.opentofu.org/hetznercloud/hcloud\"]",
      "instances": [
        {
          "schema_version": 0,
          "attributes": {
            "assignee_id": 59714693,
            "assignee_type": "server",
            "auto_delete": true,
            "datacenter": null,
            "delete_protection": false,
            "id": 80960484,
            "ip_address": "2a01:4f8:c17:3c6f::",
            "ip_network": "2a01:4f8:c17:3c6f::/64",
            "labels": {},
            "location": "fsn1",
            "name": "primary_ip-80960484",
            "type": "ipv6"
          },
          "sensitive_attributes": []
        }
      ]
    },
    {
      "mode": "managed",
      "type": "hcloud_rdns",
      "name": "aether_ipv4",
      "provider": "provider[\"registry.opentofu.org/hetznercloud/hcloud\"]",
      "instances": [
        {
          "schema_version": 0,
          "attributes": {
            "dns_ptr": "mail.mgrlab.dk",
            "floating_ip_id": null,
            "id": "p-80960483-138.199.154.23",
            "ip_address": "138.199.154.23",
            "load_balancer_id": null,
            "primary_ip_id": 80960483,
            "server_id": null
          },
          "sensitive_attributes": [],
          "dependencies": [
            "hcloud_primary_ip.aether_ipv4"
          ]
        }
      ]
    },
    {
      "mode": "managed",
      "type": "hcloud_rdns",
      "name": "aether_ipv6",
      "provider": "provider[\"registry.opentofu.org/hetznercloud/hcloud\"]",
      "instances": [
        {
          "schema_version": 0,
          "attributes": {
            "dns_ptr": "mail.mgrlab.dk",
            "floating_ip_id": null,
            "id": "p-80960484-2a01:4f8:c17:3c6f::",
            "ip_address": "2a01:4f8:c17:3c6f::",
            "load_balancer_id": null,
            "primary_ip_id": 80960484,
            "server_id": null
          },
          "sensitive_attributes": [],
          "dependencies": [
            "hcloud_primary_ip.aether_ipv6"
          ]
        }
      ]
    },
    {
      "mode": "managed",
      "type": "hcloud_server",
      "name": "aether",
      "provider": "provider[\"registry.opentofu.org/hetznercloud/hcloud\"]",
      "instances": [
        {
          "schema_version": 0,
          "attributes": {
            "allow_deprecated_images": null,
            "backup_window": "",
            "backups": false,
            "datacenter": null,
            "delete_protection": false,
            "firewall_ids": [],
            "id": "59714693",
            "ignore_remote_firewall_ids": null,
            "image": "ubuntu-24.04",
            "ipv4_address": "138.199.154.23",
            "ipv6_address": "2a01:4f8:c17:3c6f::1",
            "ipv6_network": "2a01:4f8:c17:3c6f::/64",
            "iso": null,
            "keep_disk": null,
            "labels": {},
            "location": "fsn1",
            "name": "Aether",
            "network": [],
            "placement_group_id": 0,
            "primary_disk_size": 40,
            "public_net": [],
            "rebuild_protection": false,
            "rescue": null,
            "server_type": "cx22",
            "shutdown_before_deletion": null,
            "ssh_keys": null,
            "status": "running",
            "timeouts": null,
            "user_data": null
          },
          "sensitive_attributes": [],
          "private": "eyJlMmJmYjczMC1lY2FhLTExZTYtOGY4OC0zNDM2M2JjN2M0YzAiOnsiY3JlYXRlIjo1NDAwMDAwMDAwMDAwfSwic2NoZW1hX3ZlcnNpb24iOiIwIn0=",
          "dependencies": [
            "hcloud_primary_ip.aether_ipv4",
            "hcloud_primary_ip.aether_ipv6"
          ]
        }
      ]
    },
    {
      "mode": "managed",
      "type": "hcloud_ssh_key",
      "name": "michael",
      "provider": "provider[\"registry.opentofu.org/hetznercloud/hcloud\"]",
      "instances": [
        {
          "schema_version": 0,
          "attributes": {
            "fingerprint": "aa:b3:59:64:e6:e4:69:5c:a0:f5:40:ed:5f:57:41:87",
            "id": "27116137",
            "labels": {},
            "name": "home@michael-graversen.dk",
            "public_key": "ssh-ed25519 AAAAC3NzaC1lZDI1NTE5AAAAILFj+oDZwuwmlh7dx9LYlSSMBZ29ejGJ5BFVD4ILx6aN"
          },
          "sensitive_attributes": []
        }
      ]
    }
  ],
  "check_results": null
}

